
Microsoft Visual Studio Solution File, Format Version 12.00
# Visual Studio Version 17
VisualStudioVersion = 17.9.34616.47
MinimumVisualStudioVersion = 10.0.40219.1
Project("{9A19103F-16F7-4668-BE54-9A1E7A4F7556}") = "PL", "PL.csproj", "{84C41559-F898-4DE7-9D5F-F3D1EFA4119B}"
EndProject
Project("{9A19103F-16F7-4668-BE54-9A1E7A4F7556}") = "DAL", "..\DAL\DAL.csproj", "{176080A0-0CA1-40AE-B22B-70EB08BE7320}"
EndProject
Project("{9A19103F-16F7-4668-BE54-9A1E7A4F7556}") = "LOGIC", "..\LOGIC\LOGIC.csproj", "{F7C18FC8-D9E2-4BF8-B120-F656525CD07B}"
EndProject
Project("{FAE04EC0-301F-11D3-BF4B-00C04F79EFBC}") = "LOGICTests", "..\LOGICTests\LOGICTests.csproj", "{9D1B9577-9FA8-4150-A93C-175ED4C00C29}"
EndProject
Global
	GlobalSection(SolutionConfigurationPlatforms) = preSolution
		Debug|Any CPU = Debug|Any CPU
		Release|Any CPU = Release|Any CPU
	EndGlobalSection
	GlobalSection(ProjectConfigurationPlatforms) = postSolution
		{84C41559-F898-4DE7-9D5F-F3D1EFA4119B}.Debug|Any CPU.ActiveCfg = Debug|Any CPU
		{84C41559-F898-4DE7-9D5F-F3D1EFA4119B}.Debug|Any CPU.Build.0 = Debug|Any CPU
		{84C41559-F898-4DE7-9D5F-F3D1EFA4119B}.Release|Any CPU.ActiveCfg = Release|Any CPU
		{84C41559-F898-4DE7-9D5F-F3D1EFA4119B}.Release|Any CPU.Build.0 = Release|Any CPU
		{176080A0-0CA1-40AE-B22B-70EB08BE7320}.Debug|Any CPU.ActiveCfg = Debug|Any CPU
		{176080A0-0CA1-40AE-B22B-70EB08BE7320}.Debug|Any CPU.Build.0 = Debug|Any CPU
		{176080A0-0CA1-40AE-B22B-70EB08BE7320}.Release|Any CPU.ActiveCfg = Release|Any CPU
		{176080A0-0CA1-40AE-B22B-70EB08BE7320}.Release|Any CPU.Build.0 = Release|Any CPU
		{F7C18FC8-D9E2-4BF8-B120-F656525CD07B}.Debug|Any CPU.ActiveCfg = Debug|Any CPU
		{F7C18FC8-D9E2-4BF8-B120-F656525CD07B}.Debug|Any CPU.Build.0 = Debug|Any CPU
		{F7C18FC8-D9E2-4BF8-B120-F656525CD07B}.Release|Any CPU.ActiveCfg = Release|Any CPU
		{F7C18FC8-D9E2-4BF8-B120-F656525CD07B}.Release|Any CPU.Build.0 = Release|Any CPU
		{9D1B9577-9FA8-4150-A93C-175ED4C00C29}.Debug|Any CPU.ActiveCfg = Debug|Any CPU
		{9D1B9577-9FA8-4150-A93C-175ED4C00C29}.Debug|Any CPU.Build.0 = Debug|Any CPU
		{9D1B9577-9FA8-4150-A93C-175ED4C00C29}.Release|Any CPU.ActiveCfg = Release|Any CPU
		{9D1B9577-9FA8-4150-A93C-175ED4C00C29}.Release|Any CPU.Build.0 = Release|Any CPU
	EndGlobalSection
	GlobalSection(SolutionProperties) = preSolution
		HideSolutionNode = FALSE
	EndGlobalSection
	GlobalSection(ExtensibilityGlobals) = postSolution
		SolutionGuid = {5942A43F-D964-43FD-8D77-FA869057E3B8}
	EndGlobalSection
EndGlobal
